<?xml version="1.0" encoding="utf-8"?>
<Project ToolsVersion="4.0" xmlns="http://schemas.microsoft.com/developer/msbuild/2003">
  <ItemGroup>
    <Filter Include="Resources">
      <UniqueIdentifier>{67DA6AB6-F800-4c08-8B7A-83BB121AAD01}</UniqueIdentifier>
      <Extensions>rc;ico;cur;bmp;dlg;rc2;rct;bin;rgs;gif;jpg;jpeg;jpe;resx;tiff;tif;png;wav;mfcribbon-ms</Extensions>
    </Filter>
    <Filter Include="Source">
      <UniqueIdentifier>{4FC737F1-C7A5-4376-A066-2A32D752A2FF}</UniqueIdentifier>
      <Extensions>cpp;c;cc;cxx;c++;cppm;ixx;def;odl;idl;hpj;bat;asm;asmx</Extensions>
    </Filter>
    <Filter Include="Resources\Shaders">
      <UniqueIdentifier>{472d120c-c984-47ff-be45-8cdd63f590b9}</UniqueIdentifier>
    </Filter>
    <Filter Include="Resources\Materials">
      <UniqueIdentifier>{9ac3c106-3f64-4dbc-b499-8f85652aedac}</UniqueIdentifier>
    </Filter>
    <Filter Include="Resources\Scenes">
      <UniqueIdentifier>{34ba455f-f0c8-46f4-b50a-c501857be240}</UniqueIdentifier>
    </Filter>
  </ItemGroup>
  <ItemGroup>
    <ClCompile Include="Main.cpp">
      <Filter>Source</Filter>
    </ClCompile>
  </ItemGroup>
  <ItemGroup>
    <None Include="..\Build\Assets\Shaders\basic.frag">
      <Filter>Resources\Shaders</Filter>
    </None>
    <None Include="..\Build\Assets\Shaders\basic.vert">
      <Filter>Resources\Shaders</Filter>
    </None>
    <None Include="..\Build\Assets\Shaders\basic.prog">
      <Filter>Resources\Shaders</Filter>
    </None>
    <None Include="..\Build\Assets\Materials\box.mtrl">
      <Filter>Resources\Materials</Filter>
    </None>
    <None Include="..\Build\Assets\Materials\ogre.mtrl">
      <Filter>Resources\Materials</Filter>
    </None>
    <None Include="..\Build\Assets\Materials\spot.mtrl">
      <Filter>Resources\Materials</Filter>
    </None>
    <None Include="..\Build\Assets\Scenes\basic.scn">
      <Filter>Resources\Scenes</Filter>
    </None>
    <None Include="..\Build\Assets\Shaders\basic_Lit.frag">
      <Filter>Resources\Shaders</Filter>
    </None>
    <None Include="..\Build\Assets\Shaders\basic_Lit.vert">
      <Filter>Resources\Shaders</Filter>
    </None>
    <None Include="..\Build\Assets\Shaders\basic_Lit.prog">
      <Filter>Resources\Shaders</Filter>
    </None>
  </ItemGroup>
</Project>