<?xml version="1.0" encoding="utf-8"?>
<Project ToolsVersion="4.0" xmlns="http://schemas.microsoft.com/developer/msbuild/2003">
  <ItemGroup>
    <Filter Include="Resources">
      <UniqueIdentifier>{67DA6AB6-F800-4c08-8B7A-83BB121AAD01}</UniqueIdentifier>
      <Extensions>rc;ico;cur;bmp;dlg;rc2;rct;bin;rgs;gif;jpg;jpeg;jpe;resx;tiff;tif;png;wav;mfcribbon-ms</Extensions>
    </Filter>
    <Filter Include="Source">
      <UniqueIdentifier>{4FC737F1-C7A5-4376-A066-2A32D752A2FF}</UniqueIdentifier>
      <Extensions>cpp;c;cc;cxx;c++;cppm;ixx;def;odl;idl;hpj;bat;asm;asmx</Extensions>
    </Filter>
    <Filter Include="Source\Math">
      <UniqueIdentifier>{b65b4455-3a46-4f9f-9744-a423a802c418}</UniqueIdentifier>
    </Filter>
    <Filter Include="Source\Core">
      <UniqueIdentifier>{d1f7f133-34ee-44bf-bd5a-1e0f1c727617}</UniqueIdentifier>
    </Filter>
    <Filter Include="Source\Renderer">
      <UniqueIdentifier>{c70b52af-44ad-4e66-b4e4-9d2ac026017b}</UniqueIdentifier>
    </Filter>
    <Filter Include="Source\Input">
      <UniqueIdentifier>{a62495c3-dd0b-4df7-8d7b-74a64b4015a7}</UniqueIdentifier>
    </Filter>
    <Filter Include="Source\Framework">
      <UniqueIdentifier>{a3546e21-8aec-4482-aa9a-dd3679aba684}</UniqueIdentifier>
    </Filter>
    <Filter Include="Source\Audio">
      <UniqueIdentifier>{97418958-040f-4957-9c8b-355e212301b4}</UniqueIdentifier>
    </Filter>
    <Filter Include="Source\Components">
      <UniqueIdentifier>{fe94c4f3-9272-410c-92f3-b8b42ef087d1}</UniqueIdentifier>
    </Filter>
    <Filter Include="Source\Resource">
      <UniqueIdentifier>{9481ae4b-de1e-4274-a6fc-0c07ea28b59d}</UniqueIdentifier>
    </Filter>
    <Filter Include="Source\Serialization">
      <UniqueIdentifier>{363d551c-2574-4251-8f5e-01f3e0792601}</UniqueIdentifier>
    </Filter>
    <Filter Include="Source\Physics">
      <UniqueIdentifier>{26fd58cb-e991-4967-99d2-68567f8dbd82}</UniqueIdentifier>
    </Filter>
  </ItemGroup>
  <ItemGroup>
    <ClCompile Include="Math\MathUtils.cpp">
      <Filter>Source\Math</Filter>
    </ClCompile>
    <ClCompile Include="Core\Memory.cpp">
      <Filter>Source\Core</Filter>
    </ClCompile>
    <ClCompile Include="Renderer\Renderer.cpp">
      <Filter>Source\Renderer</Filter>
    </ClCompile>
    <ClCompile Include="Input\InputSystem.cpp">
      <Filter>Source\Input</Filter>
    </ClCompile>
    <ClCompile Include="Renderer\Model.cpp">
      <Filter>Source\Renderer</Filter>
    </ClCompile>
    <ClCompile Include="Core\File.cpp">
      <Filter>Source\Core</Filter>
    </ClCompile>
    <ClCompile Include="Framework\Actor.cpp">
      <Filter>Source\Framework</Filter>
    </ClCompile>
    <ClCompile Include="Engine.cpp">
      <Filter>Source</Filter>
    </ClCompile>
    <ClCompile Include="Framework\Scene.cpp">
      <Filter>Source\Framework</Filter>
    </ClCompile>
    <ClCompile Include="Core\Time.cpp">
      <Filter>Source\Core</Filter>
    </ClCompile>
    <ClCompile Include="Renderer\Font.cpp">
      <Filter>Source\Renderer</Filter>
    </ClCompile>
    <ClCompile Include="Renderer\Text.cpp">
      <Filter>Source\Renderer</Filter>
    </ClCompile>
    <ClCompile Include="Audio\AudioSystem.cpp">
      <Filter>Source\Audio</Filter>
    </ClCompile>
    <ClCompile Include="Renderer\Texture.cpp">
      <Filter>Source\Renderer</Filter>
    </ClCompile>
    <ClCompile Include="Core\Logger.cpp">
      <Filter>Source\Core</Filter>
    </ClCompile>
    <ClCompile Include="Math\Vector2.cpp">
      <Filter>Source\Math</Filter>
    </ClCompile>
    <ClCompile Include="Math\Color.cpp">
      <Filter>Source\Math</Filter>
    </ClCompile>
    <ClCompile Include="Components\PlayerComponent.cpp">
      <Filter>Source\Components</Filter>
    </ClCompile>
    <ClCompile Include="Components\SpriteComponent.cpp">
      <Filter>Source\Components</Filter>
    </ClCompile>
    <ClCompile Include="Components\PhysicsComponent.cpp">
      <Filter>Source\Components</Filter>
    </ClCompile>
    <ClCompile Include="Components\AudioComponent.cpp">
      <Filter>Source\Components</Filter>
    </ClCompile>
    <ClCompile Include="Math\Matrix2x2.cpp">
      <Filter>Source\Math</Filter>
    </ClCompile>
    <ClCompile Include="Math\Matrix3x3.cpp">
      <Filter>Source\Math</Filter>
    </ClCompile>
    <ClCompile Include="Components\ModelComponent.cpp">
      <Filter>Source\Components</Filter>
    </ClCompile>
    <ClCompile Include="Resource\ResourceManager.cpp">
      <Filter>Source\Resource</Filter>
    </ClCompile>
    <ClCompile Include="Serialization\Json.cpp">
      <Filter>Source\Serialization</Filter>
    </ClCompile>
    <ClCompile Include="Math\Transform.cpp">
      <Filter>Source\Math</Filter>
    </ClCompile>
    <ClCompile Include="Components\SpiteAnimComponent.cpp">
      <Filter>Source\Components</Filter>
    </ClCompile>
    <ClCompile Include="Physics\PhysicsSystem.cpp">
      <Filter>Source\Physics</Filter>
    </ClCompile>
    <ClCompile Include="Components\RBPhysicsComponent.cpp">
      <Filter>Source\Components</Filter>
    </ClCompile>
    <ClCompile Include="Components\CollisionComponent.cpp">
      <Filter>Source\Components</Filter>
    </ClCompile>
    <ClCompile Include="Audio\AudioChannel.cpp">
      <Filter>Source\Audio</Filter>
    </ClCompile>
    <ClCompile Include="Physics\ContactListener.cpp">
      <Filter>Source\Physics</Filter>
    </ClCompile>
    <ClCompile Include="Components\TextComponent.cpp">
      <Filter>Source\Components</Filter>
    </ClCompile>
    <ClCompile Include="Components\TilemapComponent.cpp">
      <Filter>Source\Components</Filter>
    </ClCompile>
    <ClCompile Include="Framework\EventManager.cpp">
      <Filter>Source\Framework</Filter>
    </ClCompile>
    <ClCompile Include="Components\CharacterComponent.cpp">
      <Filter>Source\Components</Filter>
    </ClCompile>
    <ClCompile Include="Components\CameraComponent.cpp">
      <Filter>Source\Components</Filter>
    </ClCompile>
    <ClCompile Include="..\Third Party\glad\src\glad.c">
      <Filter>Source\Renderer</Filter>
    </ClCompile>
    <ClCompile Include="Renderer\Shader.cpp">
      <Filter>Source\Renderer</Filter>
    </ClCompile>
    <ClCompile Include="Renderer\Program.cpp">
      <Filter>Source\Renderer</Filter>
    </ClCompile>
  </ItemGroup>
  <ItemGroup>
    <ClInclude Include="Math\MathUtils.h">
      <Filter>Source\Math</Filter>
    </ClInclude>
    <ClInclude Include="Core\Memory.h">
      <Filter>Source\Core</Filter>
    </ClInclude>
    <ClInclude Include="Renderer\Renderer.h">
      <Filter>Source\Renderer</Filter>
    </ClInclude>
    <ClInclude Include="Math\Random.h">
      <Filter>Source\Math</Filter>
    </ClInclude>
    <ClInclude Include="Math\Vector2.h">
      <Filter>Source\Math</Filter>
    </ClInclude>
    <ClInclude Include="Math\Color.h">
      <Filter>Source\Math</Filter>
    </ClInclude>
    <ClInclude Include="Input\InputSystem.h">
      <Filter>Source\Input</Filter>
    </ClInclude>
    <ClInclude Include="Renderer\Model.h">
      <Filter>Source\Renderer</Filter>
    </ClInclude>
    <ClInclude Include="Core\File.h">
      <Filter>Source\Core</Filter>
    </ClInclude>
    <ClInclude Include="Framework\GameObject.h">
      <Filter>Source\Framework</Filter>
    </ClInclude>
    <ClInclude Include="Math\Transform.h">
      <Filter>Source\Math</Filter>
    </ClInclude>
    <ClInclude Include="Framework\Actor.h">
      <Filter>Source\Framework</Filter>
    </ClInclude>
    <ClInclude Include="Engine.h">
      <Filter>Source</Filter>
    </ClInclude>
    <ClInclude Include="Framework\Scene.h">
      <Filter>Source\Framework</Filter>
    </ClInclude>
    <ClInclude Include="Core\Time.h">
      <Filter>Source\Core</Filter>
    </ClInclude>
    <ClInclude Include="Renderer\Font.h">
      <Filter>Source\Renderer</Filter>
    </ClInclude>
    <ClInclude Include="Renderer\Text.h">
      <Filter>Source\Renderer</Filter>
    </ClInclude>
    <ClInclude Include="Audio\AudioSystem.h">
      <Filter>Source\Audio</Filter>
    </ClInclude>
    <ClInclude Include="Framework\Game.h">
      <Filter>Source\Framework</Filter>
    </ClInclude>
    <ClInclude Include="Renderer\Texture.h">
      <Filter>Source\Renderer</Filter>
    </ClInclude>
    <ClInclude Include="Core\Logger.h">
      <Filter>Source\Core</Filter>
    </ClInclude>
    <ClInclude Include="Components\PlayerComponent.h">
      <Filter>Source\Components</Filter>
    </ClInclude>
    <ClInclude Include="Components\RenderComponent.h">
      <Filter>Source\Components</Filter>
    </ClInclude>
    <ClInclude Include="Components\SpriteComponent.h">
      <Filter>Source\Components</Filter>
    </ClInclude>
    <ClInclude Include="Components\AudioComponent.h">
      <Filter>Source\Components</Filter>
    </ClInclude>
    <ClInclude Include="Components\PhysicsComponent.h">
      <Filter>Source\Components</Filter>
    </ClInclude>
    <ClInclude Include="Framework\Component.h">
      <Filter>Source\Framework</Filter>
    </ClInclude>
    <ClInclude Include="Math\Matrix2x2.h">
      <Filter>Source\Math</Filter>
    </ClInclude>
    <ClInclude Include="Math\Vector3.h">
      <Filter>Source\Math</Filter>
    </ClInclude>
    <ClInclude Include="Math\Matrix3x3.h">
      <Filter>Source\Math</Filter>
    </ClInclude>
    <ClInclude Include="Components\ModelComponent.h">
      <Filter>Source\Components</Filter>
    </ClInclude>
    <ClInclude Include="Resource\Resource.h">
      <Filter>Source\Resource</Filter>
    </ClInclude>
    <ClInclude Include="Resource\ResourceManager.h">
      <Filter>Source\Resource</Filter>
    </ClInclude>
    <ClInclude Include="Serialization\Json.h">
      <Filter>Source\Serialization</Filter>
    </ClInclude>
    <ClInclude Include="Serialization\Serializable.h">
      <Filter>Source\Serialization</Filter>
    </ClInclude>
    <ClInclude Include="Framework\Factory.h">
      <Filter>Source\Framework</Filter>
    </ClInclude>
    <ClInclude Include="Framework\Singleton.h">
      <Filter>Source\Framework</Filter>
    </ClInclude>
    <ClInclude Include="Math\Rect.h">
      <Filter>Source\Math</Filter>
    </ClInclude>
    <ClInclude Include="Components\SpriteAnimComponent.h">
      <Filter>Source\Components</Filter>
    </ClInclude>
    <ClInclude Include="Physics\PhysicsSystem.h">
      <Filter>Source\Physics</Filter>
    </ClInclude>
    <ClInclude Include="Components\RBPhysicsComponent.h">
      <Filter>Source\Components</Filter>
    </ClInclude>
    <ClInclude Include="Physics\Collision.h">
      <Filter>Source\Physics</Filter>
    </ClInclude>
    <ClInclude Include="Components\CollisionComponent.h">
      <Filter>Source\Components</Filter>
    </ClInclude>
    <ClInclude Include="Audio\AudioChannel.h">
      <Filter>Source\Audio</Filter>
    </ClInclude>
    <ClInclude Include="Physics\ContactListener.h">
      <Filter>Source\Physics</Filter>
    </ClInclude>
    <ClInclude Include="Components\TextComponent.h">
      <Filter>Source\Components</Filter>
    </ClInclude>
    <ClInclude Include="Components\TilemapComponent.h">
      <Filter>Source\Components</Filter>
    </ClInclude>
    <ClInclude Include="Framework\Event.h">
      <Filter>Source\Framework</Filter>
    </ClInclude>
    <ClInclude Include="Framework\EventManager.h">
      <Filter>Source\Framework</Filter>
    </ClInclude>
    <ClInclude Include="Components\CharacterComponent.h">
      <Filter>Source\Components</Filter>
    </ClInclude>
    <ClInclude Include="Components\CameraComponent.h">
      <Filter>Source\Components</Filter>
    </ClInclude>
    <ClInclude Include="Renderer\Shader.h">
      <Filter>Source\Renderer</Filter>
    </ClInclude>
    <ClInclude Include="Renderer\Program.h">
      <Filter>Source\Renderer</Filter>
    </ClInclude>
  </ItemGroup>
</Project>