
Microsoft Visual Studio Solution File, Format Version 12.00
# Visual Studio 15
Project("{8BC9CEB8-8B4A-11D0-8D11-00A0C91BC942}") = "3d", "3d.vcxproj", "{182176B9-4AAB-4998-88C6-D10613831F69}"
EndProject
Project("{8BC9CEB8-8B4A-11D0-8D11-00A0C91BC942}") = "channel_groups", "channel_groups.vcxproj", "{EF56C537-E658-40E8-9066-A2EC0AF13125}"
EndProject
Project("{8BC9CEB8-8B4A-11D0-8D11-00A0C91BC942}") = "convolution_reverb", "convolution_reverb.vcxproj", "{EEED587E-036A-498F-BED9-82120A42059A}"
EndProject
Project("{8BC9CEB8-8B4A-11D0-8D11-00A0C91BC942}") = "dsp_custom", "dsp_custom.vcxproj", "{0592E408-71EA-49A7-B0EF-5B5942350E64}"
EndProject
Project("{8BC9CEB8-8B4A-11D0-8D11-00A0C91BC942}") = "dsp_effect_per_speaker", "dsp_effect_per_speaker.vcxproj", "{5AA12F07-2223-4146-B8C5-FFE18B734506}"
EndProject
Project("{8BC9CEB8-8B4A-11D0-8D11-00A0C91BC942}") = "dsp_inspector", "dsp_inspector.vcxproj", "{C007A4DF-973B-4732-A512-26AB190CE2A5}"
EndProject
Project("{8BC9CEB8-8B4A-11D0-8D11-00A0C91BC942}") = "effects", "effects.vcxproj", "{08661DB3-D327-4FB0-BE3B-6E7842E15483}"
EndProject
Project("{8BC9CEB8-8B4A-11D0-8D11-00A0C91BC942}") = "gapless_playback", "gapless_playback.vcxproj", "{1AD612AE-017E-44D3-9E29-6949B5F694A7}"
EndProject
Project("{8BC9CEB8-8B4A-11D0-8D11-00A0C91BC942}") = "generate_tone", "generate_tone.vcxproj", "{E34B5335-06F9-4BBF-8FBE-0DD446A1A8FA}"
EndProject
Project("{8BC9CEB8-8B4A-11D0-8D11-00A0C91BC942}") = "granular_synth", "granular_synth.vcxproj", "{5F74AFFE-380E-481C-89FB-9A5E02ED8FC4}"
EndProject
Project("{8BC9CEB8-8B4A-11D0-8D11-00A0C91BC942}") = "load_from_memory", "load_from_memory.vcxproj", "{9350E524-89D4-488C-9E4D-28A92B4EE543}"
EndProject
Project("{8BC9CEB8-8B4A-11D0-8D11-00A0C91BC942}") = "multiple_speaker", "multiple_speaker.vcxproj", "{C6D98897-F3A4-42C7-9866-517237F24453}"
EndProject
Project("{8BC9CEB8-8B4A-11D0-8D11-00A0C91BC942}") = "multiple_system", "multiple_system.vcxproj", "{FD0D50D8-1872-44DF-BA50-6AE5C76BF295}"
EndProject
Project("{8BC9CEB8-8B4A-11D0-8D11-00A0C91BC942}") = "net_stream", "net_stream.vcxproj", "{A2F47E4D-BF26-4D74-B85A-88694A8BD5C0}"
EndProject
Project("{8BC9CEB8-8B4A-11D0-8D11-00A0C91BC942}") = "play_sound", "play_sound.vcxproj", "{41258CA5-B616-4D21-9CFD-FE36445ACFAA}"
EndProject
Project("{8BC9CEB8-8B4A-11D0-8D11-00A0C91BC942}") = "play_stream", "play_stream.vcxproj", "{E45BCE91-57F8-47EC-B72C-794E9B33F92B}"
EndProject
Project("{8BC9CEB8-8B4A-11D0-8D11-00A0C91BC942}") = "record", "record.vcxproj", "{B63742A4-18AF-4894-9798-C8743ABD8333}"
EndProject
Project("{8BC9CEB8-8B4A-11D0-8D11-00A0C91BC942}") = "record_enumeration", "record_enumeration.vcxproj", "{B18F4B57-CB60-4652-A19A-76259305CDAF}"
EndProject
Project("{8BC9CEB8-8B4A-11D0-8D11-00A0C91BC942}") = "user_created_sound", "user_created_sound.vcxproj", "{26EC2578-C3D5-4B63-980D-2308FF5291A3}"
EndProject
Project("{8BC9CEB8-8B4A-11D0-8D11-00A0C91BC942}") = "libnns_gfx-spec.NX", "%NINTENDO_SDK_ROOT%\Samples\Sources\Libraries\gfx\libnns_gfx\libnns_gfx-spec.NX.autogen.vcxproj", "{0C7BF48B-B3A7-4BD6-86A0-DC9677C29776}"
EndProject
Global
	GlobalSection(SolutionConfigurationPlatforms) = preSolution
		Debug|NX32 = Debug|NX32
		Debug|NX64 = Debug|NX64
		Release|NX32 = Release|NX32
		Release|NX64 = Release|NX64
	EndGlobalSection
	GlobalSection(ProjectConfigurationPlatforms) = postSolution
		{182176B9-4AAB-4998-88C6-D10613831F69}.Debug|NX32.ActiveCfg = Debug|NX32
		{182176B9-4AAB-4998-88C6-D10613831F69}.Debug|NX32.Build.0 = Debug|NX32
		{182176B9-4AAB-4998-88C6-D10613831F69}.Debug|NX32.Deploy.0 = Debug|NX32
		{182176B9-4AAB-4998-88C6-D10613831F69}.Debug|NX64.ActiveCfg = Debug|NX64
		{182176B9-4AAB-4998-88C6-D10613831F69}.Debug|NX64.Build.0 = Debug|NX64
		{182176B9-4AAB-4998-88C6-D10613831F69}.Debug|NX64.Deploy.0 = Debug|NX64
		{182176B9-4AAB-4998-88C6-D10613831F69}.Release|NX32.ActiveCfg = Release|NX32
		{182176B9-4AAB-4998-88C6-D10613831F69}.Release|NX32.Build.0 = Release|NX32
		{182176B9-4AAB-4998-88C6-D10613831F69}.Release|NX32.Deploy.0 = Release|NX32
		{182176B9-4AAB-4998-88C6-D10613831F69}.Release|NX64.ActiveCfg = Release|NX64
		{182176B9-4AAB-4998-88C6-D10613831F69}.Release|NX64.Build.0 = Release|NX64
		{182176B9-4AAB-4998-88C6-D10613831F69}.Release|NX64.Deploy.0 = Release|NX64
		{EF56C537-E658-40E8-9066-A2EC0AF13125}.Debug|NX32.ActiveCfg = Debug|NX32
		{EF56C537-E658-40E8-9066-A2EC0AF13125}.Debug|NX32.Build.0 = Debug|NX32
		{EF56C537-E658-40E8-9066-A2EC0AF13125}.Debug|NX32.Deploy.0 = Debug|NX32
		{EF56C537-E658-40E8-9066-A2EC0AF13125}.Debug|NX64.ActiveCfg = Debug|NX64
		{EF56C537-E658-40E8-9066-A2EC0AF13125}.Debug|NX64.Build.0 = Debug|NX64
		{EF56C537-E658-40E8-9066-A2EC0AF13125}.Debug|NX64.Deploy.0 = Debug|NX64
		{EF56C537-E658-40E8-9066-A2EC0AF13125}.Release|NX32.ActiveCfg = Release|NX32
		{EF56C537-E658-40E8-9066-A2EC0AF13125}.Release|NX32.Build.0 = Release|NX32
		{EF56C537-E658-40E8-9066-A2EC0AF13125}.Release|NX32.Deploy.0 = Release|NX32
		{EF56C537-E658-40E8-9066-A2EC0AF13125}.Release|NX64.ActiveCfg = Release|NX64
		{EF56C537-E658-40E8-9066-A2EC0AF13125}.Release|NX64.Build.0 = Release|NX64
		{EF56C537-E658-40E8-9066-A2EC0AF13125}.Release|NX64.Deploy.0 = Release|NX64
		{EEED587E-036A-498F-BED9-82120A42059A}.Debug|NX32.ActiveCfg = Debug|NX32
		{EEED587E-036A-498F-BED9-82120A42059A}.Debug|NX32.Build.0 = Debug|NX32
		{EEED587E-036A-498F-BED9-82120A42059A}.Debug|NX32.Deploy.0 = Debug|NX32
		{EEED587E-036A-498F-BED9-82120A42059A}.Debug|NX64.ActiveCfg = Debug|NX64
		{EEED587E-036A-498F-BED9-82120A42059A}.Debug|NX64.Build.0 = Debug|NX64
		{EEED587E-036A-498F-BED9-82120A42059A}.Debug|NX64.Deploy.0 = Debug|NX64
		{EEED587E-036A-498F-BED9-82120A42059A}.Release|NX32.ActiveCfg = Release|NX32
		{EEED587E-036A-498F-BED9-82120A42059A}.Release|NX32.Build.0 = Release|NX32
		{EEED587E-036A-498F-BED9-82120A42059A}.Release|NX32.Deploy.0 = Release|NX32
		{EEED587E-036A-498F-BED9-82120A42059A}.Release|NX64.ActiveCfg = Release|NX64
		{EEED587E-036A-498F-BED9-82120A42059A}.Release|NX64.Build.0 = Release|NX64
		{EEED587E-036A-498F-BED9-82120A42059A}.Release|NX64.Deploy.0 = Release|NX64
		{0592E408-71EA-49A7-B0EF-5B5942350E64}.Debug|NX32.ActiveCfg = Debug|NX32
		{0592E408-71EA-49A7-B0EF-5B5942350E64}.Debug|NX32.Build.0 = Debug|NX32
		{0592E408-71EA-49A7-B0EF-5B5942350E64}.Debug|NX32.Deploy.0 = Debug|NX32
		{0592E408-71EA-49A7-B0EF-5B5942350E64}.Debug|NX64.ActiveCfg = Debug|NX64
		{0592E408-71EA-49A7-B0EF-5B5942350E64}.Debug|NX64.Build.0 = Debug|NX64
		{0592E408-71EA-49A7-B0EF-5B5942350E64}.Debug|NX64.Deploy.0 = Debug|NX64
		{0592E408-71EA-49A7-B0EF-5B5942350E64}.Release|NX32.ActiveCfg = Release|NX32
		{0592E408-71EA-49A7-B0EF-5B5942350E64}.Release|NX32.Build.0 = Release|NX32
		{0592E408-71EA-49A7-B0EF-5B5942350E64}.Release|NX32.Deploy.0 = Release|NX32
		{0592E408-71EA-49A7-B0EF-5B5942350E64}.Release|NX64.ActiveCfg = Release|NX64
		{0592E408-71EA-49A7-B0EF-5B5942350E64}.Release|NX64.Build.0 = Release|NX64
		{0592E408-71EA-49A7-B0EF-5B5942350E64}.Release|NX64.Deploy.0 = Release|NX64
		{5AA12F07-2223-4146-B8C5-FFE18B734506}.Debug|NX32.ActiveCfg = Debug|NX32
		{5AA12F07-2223-4146-B8C5-FFE18B734506}.Debug|NX32.Build.0 = Debug|NX32
		{5AA12F07-2223-4146-B8C5-FFE18B734506}.Debug|NX32.Deploy.0 = Debug|NX32
		{5AA12F07-2223-4146-B8C5-FFE18B734506}.Debug|NX64.ActiveCfg = Debug|NX64
		{5AA12F07-2223-4146-B8C5-FFE18B734506}.Debug|NX64.Build.0 = Debug|NX64
		{5AA12F07-2223-4146-B8C5-FFE18B734506}.Debug|NX64.Deploy.0 = Debug|NX64
		{5AA12F07-2223-4146-B8C5-FFE18B734506}.Release|NX32.ActiveCfg = Release|NX32
		{5AA12F07-2223-4146-B8C5-FFE18B734506}.Release|NX32.Build.0 = Release|NX32
		{5AA12F07-2223-4146-B8C5-FFE18B734506}.Release|NX32.Deploy.0 = Release|NX32
		{5AA12F07-2223-4146-B8C5-FFE18B734506}.Release|NX64.ActiveCfg = Release|NX64
		{5AA12F07-2223-4146-B8C5-FFE18B734506}.Release|NX64.Build.0 = Release|NX64
		{5AA12F07-2223-4146-B8C5-FFE18B734506}.Release|NX64.Deploy.0 = Release|NX64
		{C007A4DF-973B-4732-A512-26AB190CE2A5}.Debug|NX32.ActiveCfg = Debug|NX32
		{C007A4DF-973B-4732-A512-26AB190CE2A5}.Debug|NX32.Build.0 = Debug|NX32
		{C007A4DF-973B-4732-A512-26AB190CE2A5}.Debug|NX32.Deploy.0 = Debug|NX32
		{C007A4DF-973B-4732-A512-26AB190CE2A5}.Debug|NX64.ActiveCfg = Debug|NX64
		{C007A4DF-973B-4732-A512-26AB190CE2A5}.Debug|NX64.Build.0 = Debug|NX64
		{C007A4DF-973B-4732-A512-26AB190CE2A5}.Debug|NX64.Deploy.0 = Debug|NX64
		{C007A4DF-973B-4732-A512-26AB190CE2A5}.Release|NX32.ActiveCfg = Release|NX32
		{C007A4DF-973B-4732-A512-26AB190CE2A5}.Release|NX32.Build.0 = Release|NX32
		{C007A4DF-973B-4732-A512-26AB190CE2A5}.Release|NX32.Deploy.0 = Release|NX32
		{C007A4DF-973B-4732-A512-26AB190CE2A5}.Release|NX64.ActiveCfg = Release|NX64
		{C007A4DF-973B-4732-A512-26AB190CE2A5}.Release|NX64.Build.0 = Release|NX64
		{C007A4DF-973B-4732-A512-26AB190CE2A5}.Release|NX64.Deploy.0 = Release|NX64
		{08661DB3-D327-4FB0-BE3B-6E7842E15483}.Debug|NX32.ActiveCfg = Debug|NX32
		{08661DB3-D327-4FB0-BE3B-6E7842E15483}.Debug|NX32.Build.0 = Debug|NX32
		{08661DB3-D327-4FB0-BE3B-6E7842E15483}.Debug|NX32.Deploy.0 = Debug|NX32
		{08661DB3-D327-4FB0-BE3B-6E7842E15483}.Debug|NX64.ActiveCfg = Debug|NX64
		{08661DB3-D327-4FB0-BE3B-6E7842E15483}.Debug|NX64.Build.0 = Debug|NX64
		{08661DB3-D327-4FB0-BE3B-6E7842E15483}.Debug|NX64.Deploy.0 = Debug|NX64
		{08661DB3-D327-4FB0-BE3B-6E7842E15483}.Release|NX32.ActiveCfg = Release|NX32
		{08661DB3-D327-4FB0-BE3B-6E7842E15483}.Release|NX32.Build.0 = Release|NX32
		{08661DB3-D327-4FB0-BE3B-6E7842E15483}.Release|NX32.Deploy.0 = Release|NX32
		{08661DB3-D327-4FB0-BE3B-6E7842E15483}.Release|NX64.ActiveCfg = Release|NX64
		{08661DB3-D327-4FB0-BE3B-6E7842E15483}.Release|NX64.Build.0 = Release|NX64
		{08661DB3-D327-4FB0-BE3B-6E7842E15483}.Release|NX64.Deploy.0 = Release|NX64
		{1AD612AE-017E-44D3-9E29-6949B5F694A7}.Debug|NX32.ActiveCfg = Debug|NX32
		{1AD612AE-017E-44D3-9E29-6949B5F694A7}.Debug|NX32.Build.0 = Debug|NX32
		{1AD612AE-017E-44D3-9E29-6949B5F694A7}.Debug|NX32.Deploy.0 = Debug|NX32
		{1AD612AE-017E-44D3-9E29-6949B5F694A7}.Debug|NX64.ActiveCfg = Debug|NX64
		{1AD612AE-017E-44D3-9E29-6949B5F694A7}.Debug|NX64.Build.0 = Debug|NX64
		{1AD612AE-017E-44D3-9E29-6949B5F694A7}.Debug|NX64.Deploy.0 = Debug|NX64
		{1AD612AE-017E-44D3-9E29-6949B5F694A7}.Release|NX32.ActiveCfg = Release|NX32
		{1AD612AE-017E-44D3-9E29-6949B5F694A7}.Release|NX32.Build.0 = Release|NX32
		{1AD612AE-017E-44D3-9E29-6949B5F694A7}.Release|NX32.Deploy.0 = Release|NX32
		{1AD612AE-017E-44D3-9E29-6949B5F694A7}.Release|NX64.ActiveCfg = Release|NX64
		{1AD612AE-017E-44D3-9E29-6949B5F694A7}.Release|NX64.Build.0 = Release|NX64
		{1AD612AE-017E-44D3-9E29-6949B5F694A7}.Release|NX64.Deploy.0 = Release|NX64
		{E34B5335-06F9-4BBF-8FBE-0DD446A1A8FA}.Debug|NX32.ActiveCfg = Debug|NX32
		{E34B5335-06F9-4BBF-8FBE-0DD446A1A8FA}.Debug|NX32.Build.0 = Debug|NX32
		{E34B5335-06F9-4BBF-8FBE-0DD446A1A8FA}.Debug|NX32.Deploy.0 = Debug|NX32
		{E34B5335-06F9-4BBF-8FBE-0DD446A1A8FA}.Debug|NX64.ActiveCfg = Debug|NX64
		{E34B5335-06F9-4BBF-8FBE-0DD446A1A8FA}.Debug|NX64.Build.0 = Debug|NX64
		{E34B5335-06F9-4BBF-8FBE-0DD446A1A8FA}.Debug|NX64.Deploy.0 = Debug|NX64
		{E34B5335-06F9-4BBF-8FBE-0DD446A1A8FA}.Release|NX32.ActiveCfg = Release|NX32
		{E34B5335-06F9-4BBF-8FBE-0DD446A1A8FA}.Release|NX32.Build.0 = Release|NX32
		{E34B5335-06F9-4BBF-8FBE-0DD446A1A8FA}.Release|NX32.Deploy.0 = Release|NX32
		{E34B5335-06F9-4BBF-8FBE-0DD446A1A8FA}.Release|NX64.ActiveCfg = Release|NX64
		{E34B5335-06F9-4BBF-8FBE-0DD446A1A8FA}.Release|NX64.Build.0 = Release|NX64
		{E34B5335-06F9-4BBF-8FBE-0DD446A1A8FA}.Release|NX64.Deploy.0 = Release|NX64
		{5F74AFFE-380E-481C-89FB-9A5E02ED8FC4}.Debug|NX32.ActiveCfg = Debug|NX32
		{5F74AFFE-380E-481C-89FB-9A5E02ED8FC4}.Debug|NX32.Build.0 = Debug|NX32
		{5F74AFFE-380E-481C-89FB-9A5E02ED8FC4}.Debug|NX32.Deploy.0 = Debug|NX32
		{5F74AFFE-380E-481C-89FB-9A5E02ED8FC4}.Debug|NX64.ActiveCfg = Debug|NX64
		{5F74AFFE-380E-481C-89FB-9A5E02ED8FC4}.Debug|NX64.Build.0 = Debug|NX64
		{5F74AFFE-380E-481C-89FB-9A5E02ED8FC4}.Debug|NX64.Deploy.0 = Debug|NX64
		{5F74AFFE-380E-481C-89FB-9A5E02ED8FC4}.Release|NX32.ActiveCfg = Release|NX32
		{5F74AFFE-380E-481C-89FB-9A5E02ED8FC4}.Release|NX32.Build.0 = Release|NX32
		{5F74AFFE-380E-481C-89FB-9A5E02ED8FC4}.Release|NX32.Deploy.0 = Release|NX32
		{5F74AFFE-380E-481C-89FB-9A5E02ED8FC4}.Release|NX64.ActiveCfg = Release|NX64
		{5F74AFFE-380E-481C-89FB-9A5E02ED8FC4}.Release|NX64.Build.0 = Release|NX64
		{5F74AFFE-380E-481C-89FB-9A5E02ED8FC4}.Release|NX64.Deploy.0 = Release|NX64
		{9350E524-89D4-488C-9E4D-28A92B4EE543}.Debug|NX32.ActiveCfg = Debug|NX32
		{9350E524-89D4-488C-9E4D-28A92B4EE543}.Debug|NX32.Build.0 = Debug|NX32
		{9350E524-89D4-488C-9E4D-28A92B4EE543}.Debug|NX32.Deploy.0 = Debug|NX32
		{9350E524-89D4-488C-9E4D-28A92B4EE543}.Debug|NX64.ActiveCfg = Debug|NX64
		{9350E524-89D4-488C-9E4D-28A92B4EE543}.Debug|NX64.Build.0 = Debug|NX64
		{9350E524-89D4-488C-9E4D-28A92B4EE543}.Debug|NX64.Deploy.0 = Debug|NX64
		{9350E524-89D4-488C-9E4D-28A92B4EE543}.Release|NX32.ActiveCfg = Release|NX32
		{9350E524-89D4-488C-9E4D-28A92B4EE543}.Release|NX32.Build.0 = Release|NX32
		{9350E524-89D4-488C-9E4D-28A92B4EE543}.Release|NX32.Deploy.0 = Release|NX32
		{9350E524-89D4-488C-9E4D-28A92B4EE543}.Release|NX64.ActiveCfg = Release|NX64
		{9350E524-89D4-488C-9E4D-28A92B4EE543}.Release|NX64.Build.0 = Release|NX64
		{9350E524-89D4-488C-9E4D-28A92B4EE543}.Release|NX64.Deploy.0 = Release|NX64
		{C6D98897-F3A4-42C7-9866-517237F24453}.Debug|NX32.ActiveCfg = Debug|NX32
		{C6D98897-F3A4-42C7-9866-517237F24453}.Debug|NX32.Build.0 = Debug|NX32
		{C6D98897-F3A4-42C7-9866-517237F24453}.Debug|NX32.Deploy.0 = Debug|NX32
		{C6D98897-F3A4-42C7-9866-517237F24453}.Debug|NX64.ActiveCfg = Debug|NX64
		{C6D98897-F3A4-42C7-9866-517237F24453}.Debug|NX64.Build.0 = Debug|NX64
		{C6D98897-F3A4-42C7-9866-517237F24453}.Debug|NX64.Deploy.0 = Debug|NX64
		{C6D98897-F3A4-42C7-9866-517237F24453}.Release|NX32.ActiveCfg = Release|NX32
		{C6D98897-F3A4-42C7-9866-517237F24453}.Release|NX32.Build.0 = Release|NX32
		{C6D98897-F3A4-42C7-9866-517237F24453}.Release|NX32.Deploy.0 = Release|NX32
		{C6D98897-F3A4-42C7-9866-517237F24453}.Release|NX64.ActiveCfg = Release|NX64
		{C6D98897-F3A4-42C7-9866-517237F24453}.Release|NX64.Build.0 = Release|NX64
		{C6D98897-F3A4-42C7-9866-517237F24453}.Release|NX64.Deploy.0 = Release|NX64
		{FD0D50D8-1872-44DF-BA50-6AE5C76BF295}.Debug|NX32.ActiveCfg = Debug|NX32
		{FD0D50D8-1872-44DF-BA50-6AE5C76BF295}.Debug|NX32.Build.0 = Debug|NX32
		{FD0D50D8-1872-44DF-BA50-6AE5C76BF295}.Debug|NX32.Deploy.0 = Debug|NX32
		{FD0D50D8-1872-44DF-BA50-6AE5C76BF295}.Debug|NX64.ActiveCfg = Debug|NX64
		{FD0D50D8-1872-44DF-BA50-6AE5C76BF295}.Debug|NX64.Build.0 = Debug|NX64
		{FD0D50D8-1872-44DF-BA50-6AE5C76BF295}.Debug|NX64.Deploy.0 = Debug|NX64
		{FD0D50D8-1872-44DF-BA50-6AE5C76BF295}.Release|NX32.ActiveCfg = Release|NX32
		{FD0D50D8-1872-44DF-BA50-6AE5C76BF295}.Release|NX32.Build.0 = Release|NX32
		{FD0D50D8-1872-44DF-BA50-6AE5C76BF295}.Release|NX32.Deploy.0 = Release|NX32
		{FD0D50D8-1872-44DF-BA50-6AE5C76BF295}.Release|NX64.ActiveCfg = Release|NX64
		{FD0D50D8-1872-44DF-BA50-6AE5C76BF295}.Release|NX64.Build.0 = Release|NX64
		{FD0D50D8-1872-44DF-BA50-6AE5C76BF295}.Release|NX64.Deploy.0 = Release|NX64
		{A2F47E4D-BF26-4D74-B85A-88694A8BD5C0}.Debug|NX32.ActiveCfg = Debug|NX32
		{A2F47E4D-BF26-4D74-B85A-88694A8BD5C0}.Debug|NX32.Build.0 = Debug|NX32
		{A2F47E4D-BF26-4D74-B85A-88694A8BD5C0}.Debug|NX32.Deploy.0 = Debug|NX32
		{A2F47E4D-BF26-4D74-B85A-88694A8BD5C0}.Debug|NX64.ActiveCfg = Debug|NX64
		{A2F47E4D-BF26-4D74-B85A-88694A8BD5C0}.Debug|NX64.Build.0 = Debug|NX64
		{A2F47E4D-BF26-4D74-B85A-88694A8BD5C0}.Debug|NX64.Deploy.0 = Debug|NX64
		{A2F47E4D-BF26-4D74-B85A-88694A8BD5C0}.Release|NX32.ActiveCfg = Release|NX32
		{A2F47E4D-BF26-4D74-B85A-88694A8BD5C0}.Release|NX32.Build.0 = Release|NX32
		{A2F47E4D-BF26-4D74-B85A-88694A8BD5C0}.Release|NX32.Deploy.0 = Release|NX32
		{A2F47E4D-BF26-4D74-B85A-88694A8BD5C0}.Release|NX64.ActiveCfg = Release|NX64
		{A2F47E4D-BF26-4D74-B85A-88694A8BD5C0}.Release|NX64.Build.0 = Release|NX64
		{A2F47E4D-BF26-4D74-B85A-88694A8BD5C0}.Release|NX64.Deploy.0 = Release|NX64
		{41258CA5-B616-4D21-9CFD-FE36445ACFAA}.Debug|NX32.ActiveCfg = Debug|NX32
		{41258CA5-B616-4D21-9CFD-FE36445ACFAA}.Debug|NX32.Build.0 = Debug|NX32
		{41258CA5-B616-4D21-9CFD-FE36445ACFAA}.Debug|NX32.Deploy.0 = Debug|NX32
		{41258CA5-B616-4D21-9CFD-FE36445ACFAA}.Debug|NX64.ActiveCfg = Debug|NX64
		{41258CA5-B616-4D21-9CFD-FE36445ACFAA}.Debug|NX64.Build.0 = Debug|NX64
		{41258CA5-B616-4D21-9CFD-FE36445ACFAA}.Debug|NX64.Deploy.0 = Debug|NX64
		{41258CA5-B616-4D21-9CFD-FE36445ACFAA}.Release|NX32.ActiveCfg = Release|NX32
		{41258CA5-B616-4D21-9CFD-FE36445ACFAA}.Release|NX32.Build.0 = Release|NX32
		{41258CA5-B616-4D21-9CFD-FE36445ACFAA}.Release|NX32.Deploy.0 = Release|NX32
		{41258CA5-B616-4D21-9CFD-FE36445ACFAA}.Release|NX64.ActiveCfg = Release|NX64
		{41258CA5-B616-4D21-9CFD-FE36445ACFAA}.Release|NX64.Build.0 = Release|NX64
		{41258CA5-B616-4D21-9CFD-FE36445ACFAA}.Release|NX64.Deploy.0 = Release|NX64
		{E45BCE91-57F8-47EC-B72C-794E9B33F92B}.Debug|NX32.ActiveCfg = Debug|NX32
		{E45BCE91-57F8-47EC-B72C-794E9B33F92B}.Debug|NX32.Build.0 = Debug|NX32
		{E45BCE91-57F8-47EC-B72C-794E9B33F92B}.Debug|NX32.Deploy.0 = Debug|NX32
		{E45BCE91-57F8-47EC-B72C-794E9B33F92B}.Debug|NX64.ActiveCfg = Debug|NX64
		{E45BCE91-57F8-47EC-B72C-794E9B33F92B}.Debug|NX64.Build.0 = Debug|NX64
		{E45BCE91-57F8-47EC-B72C-794E9B33F92B}.Debug|NX64.Deploy.0 = Debug|NX64
		{E45BCE91-57F8-47EC-B72C-794E9B33F92B}.Release|NX32.ActiveCfg = Release|NX32
		{E45BCE91-57F8-47EC-B72C-794E9B33F92B}.Release|NX32.Build.0 = Release|NX32
		{E45BCE91-57F8-47EC-B72C-794E9B33F92B}.Release|NX32.Deploy.0 = Release|NX32
		{E45BCE91-57F8-47EC-B72C-794E9B33F92B}.Release|NX64.ActiveCfg = Release|NX64
		{E45BCE91-57F8-47EC-B72C-794E9B33F92B}.Release|NX64.Build.0 = Release|NX64
		{E45BCE91-57F8-47EC-B72C-794E9B33F92B}.Release|NX64.Deploy.0 = Release|NX64
		{B63742A4-18AF-4894-9798-C8743ABD8333}.Debug|NX32.ActiveCfg = Debug|NX32
		{B63742A4-18AF-4894-9798-C8743ABD8333}.Debug|NX32.Build.0 = Debug|NX32
		{B63742A4-18AF-4894-9798-C8743ABD8333}.Debug|NX32.Deploy.0 = Debug|NX32
		{B63742A4-18AF-4894-9798-C8743ABD8333}.Debug|NX64.ActiveCfg = Debug|NX64
		{B63742A4-18AF-4894-9798-C8743ABD8333}.Debug|NX64.Build.0 = Debug|NX64
		{B63742A4-18AF-4894-9798-C8743ABD8333}.Debug|NX64.Deploy.0 = Debug|NX64
		{B63742A4-18AF-4894-9798-C8743ABD8333}.Release|NX32.ActiveCfg = Release|NX32
		{B63742A4-18AF-4894-9798-C8743ABD8333}.Release|NX32.Build.0 = Release|NX32
		{B63742A4-18AF-4894-9798-C8743ABD8333}.Release|NX32.Deploy.0 = Release|NX32
		{B63742A4-18AF-4894-9798-C8743ABD8333}.Release|NX64.ActiveCfg = Release|NX64
		{B63742A4-18AF-4894-9798-C8743ABD8333}.Release|NX64.Build.0 = Release|NX64
		{B63742A4-18AF-4894-9798-C8743ABD8333}.Release|NX64.Deploy.0 = Release|NX64
		{B18F4B57-CB60-4652-A19A-76259305CDAF}.Debug|NX32.ActiveCfg = Debug|NX32
		{B18F4B57-CB60-4652-A19A-76259305CDAF}.Debug|NX32.Build.0 = Debug|NX32
		{B18F4B57-CB60-4652-A19A-76259305CDAF}.Debug|NX32.Deploy.0 = Debug|NX32
		{B18F4B57-CB60-4652-A19A-76259305CDAF}.Debug|NX64.ActiveCfg = Debug|NX64
		{B18F4B57-CB60-4652-A19A-76259305CDAF}.Debug|NX64.Build.0 = Debug|NX64
		{B18F4B57-CB60-4652-A19A-76259305CDAF}.Debug|NX64.Deploy.0 = Debug|NX64
		{B18F4B57-CB60-4652-A19A-76259305CDAF}.Release|NX32.ActiveCfg = Release|NX32
		{B18F4B57-CB60-4652-A19A-76259305CDAF}.Release|NX32.Build.0 = Release|NX32
		{B18F4B57-CB60-4652-A19A-76259305CDAF}.Release|NX32.Deploy.0 = Release|NX32
		{B18F4B57-CB60-4652-A19A-76259305CDAF}.Release|NX64.ActiveCfg = Release|NX64
		{B18F4B57-CB60-4652-A19A-76259305CDAF}.Release|NX64.Build.0 = Release|NX64
		{B18F4B57-CB60-4652-A19A-76259305CDAF}.Release|NX64.Deploy.0 = Release|NX64
		{26EC2578-C3D5-4B63-980D-2308FF5291A3}.Debug|NX32.ActiveCfg = Debug|NX32
		{26EC2578-C3D5-4B63-980D-2308FF5291A3}.Debug|NX32.Build.0 = Debug|NX32
		{26EC2578-C3D5-4B63-980D-2308FF5291A3}.Debug|NX32.Deploy.0 = Debug|NX32
		{26EC2578-C3D5-4B63-980D-2308FF5291A3}.Debug|NX64.ActiveCfg = Debug|NX64
		{26EC2578-C3D5-4B63-980D-2308FF5291A3}.Debug|NX64.Build.0 = Debug|NX64
		{26EC2578-C3D5-4B63-980D-2308FF5291A3}.Debug|NX64.Deploy.0 = Debug|NX64
		{26EC2578-C3D5-4B63-980D-2308FF5291A3}.Release|NX32.ActiveCfg = Release|NX32
		{26EC2578-C3D5-4B63-980D-2308FF5291A3}.Release|NX32.Build.0 = Release|NX32
		{26EC2578-C3D5-4B63-980D-2308FF5291A3}.Release|NX32.Deploy.0 = Release|NX32
		{26EC2578-C3D5-4B63-980D-2308FF5291A3}.Release|NX64.ActiveCfg = Release|NX64
		{26EC2578-C3D5-4B63-980D-2308FF5291A3}.Release|NX64.Build.0 = Release|NX64
		{26EC2578-C3D5-4B63-980D-2308FF5291A3}.Release|NX64.Deploy.0 = Release|NX64
		{0C7BF48B-B3A7-4BD6-86A0-DC9677C29776}.Debug|NX32.ActiveCfg = NX_Debug|NX32
		{0C7BF48B-B3A7-4BD6-86A0-DC9677C29776}.Debug|NX32.Build.0 = NX_Debug|NX32
		{0C7BF48B-B3A7-4BD6-86A0-DC9677C29776}.Debug|NX64.ActiveCfg = NX_Debug|NX64
		{0C7BF48B-B3A7-4BD6-86A0-DC9677C29776}.Debug|NX64.Build.0 = NX_Debug|NX64
		{0C7BF48B-B3A7-4BD6-86A0-DC9677C29776}.Release|NX32.ActiveCfg = NX_Release|NX32
		{0C7BF48B-B3A7-4BD6-86A0-DC9677C29776}.Release|NX32.Build.0 = NX_Release|NX32
		{0C7BF48B-B3A7-4BD6-86A0-DC9677C29776}.Release|NX64.ActiveCfg = NX_Release|NX64
		{0C7BF48B-B3A7-4BD6-86A0-DC9677C29776}.Release|NX64.Build.0 = NX_Release|NX64
	EndGlobalSection
	GlobalSection(SolutionProperties) = preSolution
		HideSolutionNode = FALSE
	EndGlobalSection
EndGlobal
