
Microsoft Visual Studio Solution File, Format Version 11.00
# Visual Studio Version 16
Project("{8BC9CEB8-8B4A-11D0-8D11-00A0C91BC942}") = "3d", "3d.vcxproj", "{ED38B46E-4116-4820-A780-7337DAC5491D}"
EndProject
Project("{8BC9CEB8-8B4A-11D0-8D11-00A0C91BC942}") = "asyncio", "asyncio.vcxproj", "{56D36AC5-F4C4-4693-A377-5277616F0DF1}"
EndProject
Project("{8BC9CEB8-8B4A-11D0-8D11-00A0C91BC942}") = "channel_groups", "channel_groups.vcxproj", "{189233A2-CEDD-471A-A2D0-06AFBCB66470}"
EndProject
Project("{8BC9CEB8-8B4A-11D0-8D11-00A0C91BC942}") = "convolution_reverb", "convolution_reverb.vcxproj", "{E1A1CC3B-E1DA-49F3-9088-4E6B68D7040D}"
EndProject
Project("{8BC9CEB8-8B4A-11D0-8D11-00A0C91BC942}") = "dsp_custom", "dsp_custom.vcxproj", "{FA04F71B-FEC5-465E-868B-20A1C4C3DA3F}"
EndProject
Project("{8BC9CEB8-8B4A-11D0-8D11-00A0C91BC942}") = "dsp_effect_per_speaker", "dsp_effect_per_speaker.vcxproj", "{84B9BA34-B3B2-4086-8F4B-E90789B093EA}"
EndProject
Project("{8BC9CEB8-8B4A-11D0-8D11-00A0C91BC942}") = "dsp_inspector", "dsp_inspector.vcxproj", "{4A4E6BAD-7567-45CE-A1EE-BEBCAEB33665}"
EndProject
Project("{8BC9CEB8-8B4A-11D0-8D11-00A0C91BC942}") = "effects", "effects.vcxproj", "{E40EAB17-EDF8-48D7-AA3F-7B0F81B97771}"
EndProject
Project("{8BC9CEB8-8B4A-11D0-8D11-00A0C91BC942}") = "gapless_playback", "gapless_playback.vcxproj", "{E88A6EA0-C29E-4F87-8281-9A218D674555}"
EndProject
Project("{8BC9CEB8-8B4A-11D0-8D11-00A0C91BC942}") = "generate_tone", "generate_tone.vcxproj", "{6C88C43C-62FE-4D4F-8B57-07E270013765}"
EndProject
Project("{8BC9CEB8-8B4A-11D0-8D11-00A0C91BC942}") = "granular_synth", "granular_synth.vcxproj", "{C2EFAE8B-4BC6-41EC-AA7F-AC949052C84A}"
EndProject
Project("{8BC9CEB8-8B4A-11D0-8D11-00A0C91BC942}") = "load_from_memory", "load_from_memory.vcxproj", "{18F5B0B1-C57C-440E-B253-917AF54F80DD}"
EndProject
Project("{8BC9CEB8-8B4A-11D0-8D11-00A0C91BC942}") = "multiple_speaker", "multiple_speaker.vcxproj", "{3DE916AD-32D4-4461-AC61-21CA478E6FB0}"
EndProject
Project("{8BC9CEB8-8B4A-11D0-8D11-00A0C91BC942}") = "multiple_system", "multiple_system.vcxproj", "{784091D4-410A-46D8-AB8C-1D86B2990D9E}"
EndProject
Project("{8BC9CEB8-8B4A-11D0-8D11-00A0C91BC942}") = "net_stream", "net_stream.vcxproj", "{F393EFDA-D6AE-4FEB-B45A-983718A7779F}"
EndProject
Project("{8BC9CEB8-8B4A-11D0-8D11-00A0C91BC942}") = "play_sound", "play_sound.vcxproj", "{E75960D2-8BBE-406E-8A8F-0DF8C4C7B6FB}"
EndProject
Project("{8BC9CEB8-8B4A-11D0-8D11-00A0C91BC942}") = "play_stream", "play_stream.vcxproj", "{7A21618E-1EA0-4E34-A4A0-BC16E007776C}"
EndProject
Project("{8BC9CEB8-8B4A-11D0-8D11-00A0C91BC942}") = "record", "record.vcxproj", "{11B67D8F-1622-42C2-9BB8-D37224103E75}"
EndProject
Project("{8BC9CEB8-8B4A-11D0-8D11-00A0C91BC942}") = "record_enumeration", "record_enumeration.vcxproj", "{AFD563EB-EC43-4BA3-87EE-D5B277AA6009}"
EndProject
Project("{8BC9CEB8-8B4A-11D0-8D11-00A0C91BC942}") = "user_created_sound", "user_created_sound.vcxproj", "{754A504D-1451-4F92-BF9E-CB0B61DE47CD}"
EndProject
Project("{8BC9CEB8-8B4A-11D0-8D11-00A0C91BC942}") = "fmod_codec_raw", "fmod_codec_raw.vcxproj", "{462BA258-C520-4E34-8F74-C4A93285DD0B}"
EndProject
Project("{8BC9CEB8-8B4A-11D0-8D11-00A0C91BC942}") = "fmod_distance_filter", "fmod_distance_filter.vcxproj", "{377E5ED6-BE39-44BE-B357-BE453904C7AA}"
EndProject
Project("{8BC9CEB8-8B4A-11D0-8D11-00A0C91BC942}") = "fmod_gain", "fmod_gain.vcxproj", "{0D87BBDD-2151-4B88-A85B-7B239502639E}"
EndProject
Project("{8BC9CEB8-8B4A-11D0-8D11-00A0C91BC942}") = "fmod_noise", "fmod_noise.vcxproj", "{BF70DC5A-370B-4F31-BDEB-2C44DD1580E9}"
EndProject
Project("{8BC9CEB8-8B4A-11D0-8D11-00A0C91BC942}") = "output_mp3", "output_mp3.vcxproj", "{9FB0F284-9DBC-4196-A150-94CC208B09CD}"
EndProject
Global
	GlobalSection(SolutionConfigurationPlatforms) = preSolution
		Debug|Win32 = Debug|Win32
		Debug|x64 = Debug|x64
		Release|Win32 = Release|Win32
		Release|x64 = Release|x64
	EndGlobalSection
	GlobalSection(ProjectConfigurationPlatforms) = postSolution
		{ED38B46E-4116-4820-A780-7337DAC5491D}.Debug|Win32.ActiveCfg = Debug|Win32
		{ED38B46E-4116-4820-A780-7337DAC5491D}.Debug|Win32.Build.0 = Debug|Win32
		{ED38B46E-4116-4820-A780-7337DAC5491D}.Debug|Win32.Deploy.0 = Debug|Win32
		{ED38B46E-4116-4820-A780-7337DAC5491D}.Debug|x64.ActiveCfg = Debug|x64
		{ED38B46E-4116-4820-A780-7337DAC5491D}.Debug|x64.Build.0 = Debug|x64
		{ED38B46E-4116-4820-A780-7337DAC5491D}.Debug|x64.Deploy.0 = Debug|x64
		{ED38B46E-4116-4820-A780-7337DAC5491D}.Release|Win32.ActiveCfg = Release|Win32
		{ED38B46E-4116-4820-A780-7337DAC5491D}.Release|Win32.Build.0 = Release|Win32
		{ED38B46E-4116-4820-A780-7337DAC5491D}.Release|Win32.Deploy.0 = Release|Win32
		{ED38B46E-4116-4820-A780-7337DAC5491D}.Release|x64.ActiveCfg = Release|x64
		{ED38B46E-4116-4820-A780-7337DAC5491D}.Release|x64.Build.0 = Release|x64
		{ED38B46E-4116-4820-A780-7337DAC5491D}.Release|x64.Deploy.0 = Release|x64
		{56D36AC5-F4C4-4693-A377-5277616F0DF1}.Debug|Win32.ActiveCfg = Debug|Win32
		{56D36AC5-F4C4-4693-A377-5277616F0DF1}.Debug|Win32.Build.0 = Debug|Win32
		{56D36AC5-F4C4-4693-A377-5277616F0DF1}.Debug|Win32.Deploy.0 = Debug|Win32
		{56D36AC5-F4C4-4693-A377-5277616F0DF1}.Debug|x64.ActiveCfg = Debug|x64
		{56D36AC5-F4C4-4693-A377-5277616F0DF1}.Debug|x64.Build.0 = Debug|x64
		{56D36AC5-F4C4-4693-A377-5277616F0DF1}.Debug|x64.Deploy.0 = Debug|x64
		{56D36AC5-F4C4-4693-A377-5277616F0DF1}.Release|Win32.ActiveCfg = Release|Win32
		{56D36AC5-F4C4-4693-A377-5277616F0DF1}.Release|Win32.Build.0 = Release|Win32
		{56D36AC5-F4C4-4693-A377-5277616F0DF1}.Release|Win32.Deploy.0 = Release|Win32
		{56D36AC5-F4C4-4693-A377-5277616F0DF1}.Release|x64.ActiveCfg = Release|x64
		{56D36AC5-F4C4-4693-A377-5277616F0DF1}.Release|x64.Build.0 = Release|x64
		{56D36AC5-F4C4-4693-A377-5277616F0DF1}.Release|x64.Deploy.0 = Release|x64
		{189233A2-CEDD-471A-A2D0-06AFBCB66470}.Debug|Win32.ActiveCfg = Debug|Win32
		{189233A2-CEDD-471A-A2D0-06AFBCB66470}.Debug|Win32.Build.0 = Debug|Win32
		{189233A2-CEDD-471A-A2D0-06AFBCB66470}.Debug|Win32.Deploy.0 = Debug|Win32
		{189233A2-CEDD-471A-A2D0-06AFBCB66470}.Debug|x64.ActiveCfg = Debug|x64
		{189233A2-CEDD-471A-A2D0-06AFBCB66470}.Debug|x64.Build.0 = Debug|x64
		{189233A2-CEDD-471A-A2D0-06AFBCB66470}.Debug|x64.Deploy.0 = Debug|x64
		{189233A2-CEDD-471A-A2D0-06AFBCB66470}.Release|Win32.ActiveCfg = Release|Win32
		{189233A2-CEDD-471A-A2D0-06AFBCB66470}.Release|Win32.Build.0 = Release|Win32
		{189233A2-CEDD-471A-A2D0-06AFBCB66470}.Release|Win32.Deploy.0 = Release|Win32
		{189233A2-CEDD-471A-A2D0-06AFBCB66470}.Release|x64.ActiveCfg = Release|x64
		{189233A2-CEDD-471A-A2D0-06AFBCB66470}.Release|x64.Build.0 = Release|x64
		{189233A2-CEDD-471A-A2D0-06AFBCB66470}.Release|x64.Deploy.0 = Release|x64
		{E1A1CC3B-E1DA-49F3-9088-4E6B68D7040D}.Debug|Win32.ActiveCfg = Debug|Win32
		{E1A1CC3B-E1DA-49F3-9088-4E6B68D7040D}.Debug|Win32.Build.0 = Debug|Win32
		{E1A1CC3B-E1DA-49F3-9088-4E6B68D7040D}.Debug|Win32.Deploy.0 = Debug|Win32
		{E1A1CC3B-E1DA-49F3-9088-4E6B68D7040D}.Debug|x64.ActiveCfg = Debug|x64
		{E1A1CC3B-E1DA-49F3-9088-4E6B68D7040D}.Debug|x64.Build.0 = Debug|x64
		{E1A1CC3B-E1DA-49F3-9088-4E6B68D7040D}.Debug|x64.Deploy.0 = Debug|x64
		{E1A1CC3B-E1DA-49F3-9088-4E6B68D7040D}.Release|Win32.ActiveCfg = Release|Win32
		{E1A1CC3B-E1DA-49F3-9088-4E6B68D7040D}.Release|Win32.Build.0 = Release|Win32
		{E1A1CC3B-E1DA-49F3-9088-4E6B68D7040D}.Release|Win32.Deploy.0 = Release|Win32
		{E1A1CC3B-E1DA-49F3-9088-4E6B68D7040D}.Release|x64.ActiveCfg = Release|x64
		{E1A1CC3B-E1DA-49F3-9088-4E6B68D7040D}.Release|x64.Build.0 = Release|x64
		{E1A1CC3B-E1DA-49F3-9088-4E6B68D7040D}.Release|x64.Deploy.0 = Release|x64
		{FA04F71B-FEC5-465E-868B-20A1C4C3DA3F}.Debug|Win32.ActiveCfg = Debug|Win32
		{FA04F71B-FEC5-465E-868B-20A1C4C3DA3F}.Debug|Win32.Build.0 = Debug|Win32
		{FA04F71B-FEC5-465E-868B-20A1C4C3DA3F}.Debug|Win32.Deploy.0 = Debug|Win32
		{FA04F71B-FEC5-465E-868B-20A1C4C3DA3F}.Debug|x64.ActiveCfg = Debug|x64
		{FA04F71B-FEC5-465E-868B-20A1C4C3DA3F}.Debug|x64.Build.0 = Debug|x64
		{FA04F71B-FEC5-465E-868B-20A1C4C3DA3F}.Debug|x64.Deploy.0 = Debug|x64
		{FA04F71B-FEC5-465E-868B-20A1C4C3DA3F}.Release|Win32.ActiveCfg = Release|Win32
		{FA04F71B-FEC5-465E-868B-20A1C4C3DA3F}.Release|Win32.Build.0 = Release|Win32
		{FA04F71B-FEC5-465E-868B-20A1C4C3DA3F}.Release|Win32.Deploy.0 = Release|Win32
		{FA04F71B-FEC5-465E-868B-20A1C4C3DA3F}.Release|x64.ActiveCfg = Release|x64
		{FA04F71B-FEC5-465E-868B-20A1C4C3DA3F}.Release|x64.Build.0 = Release|x64
		{FA04F71B-FEC5-465E-868B-20A1C4C3DA3F}.Release|x64.Deploy.0 = Release|x64
		{84B9BA34-B3B2-4086-8F4B-E90789B093EA}.Debug|Win32.ActiveCfg = Debug|Win32
		{84B9BA34-B3B2-4086-8F4B-E90789B093EA}.Debug|Win32.Build.0 = Debug|Win32
		{84B9BA34-B3B2-4086-8F4B-E90789B093EA}.Debug|Win32.Deploy.0 = Debug|Win32
		{84B9BA34-B3B2-4086-8F4B-E90789B093EA}.Debug|x64.ActiveCfg = Debug|x64
		{84B9BA34-B3B2-4086-8F4B-E90789B093EA}.Debug|x64.Build.0 = Debug|x64
		{84B9BA34-B3B2-4086-8F4B-E90789B093EA}.Debug|x64.Deploy.0 = Debug|x64
		{84B9BA34-B3B2-4086-8F4B-E90789B093EA}.Release|Win32.ActiveCfg = Release|Win32
		{84B9BA34-B3B2-4086-8F4B-E90789B093EA}.Release|Win32.Build.0 = Release|Win32
		{84B9BA34-B3B2-4086-8F4B-E90789B093EA}.Release|Win32.Deploy.0 = Release|Win32
		{84B9BA34-B3B2-4086-8F4B-E90789B093EA}.Release|x64.ActiveCfg = Release|x64
		{84B9BA34-B3B2-4086-8F4B-E90789B093EA}.Release|x64.Build.0 = Release|x64
		{84B9BA34-B3B2-4086-8F4B-E90789B093EA}.Release|x64.Deploy.0 = Release|x64
		{4A4E6BAD-7567-45CE-A1EE-BEBCAEB33665}.Debug|Win32.ActiveCfg = Debug|Win32
		{4A4E6BAD-7567-45CE-A1EE-BEBCAEB33665}.Debug|Win32.Build.0 = Debug|Win32
		{4A4E6BAD-7567-45CE-A1EE-BEBCAEB33665}.Debug|Win32.Deploy.0 = Debug|Win32
		{4A4E6BAD-7567-45CE-A1EE-BEBCAEB33665}.Debug|x64.ActiveCfg = Debug|x64
		{4A4E6BAD-7567-45CE-A1EE-BEBCAEB33665}.Debug|x64.Build.0 = Debug|x64
		{4A4E6BAD-7567-45CE-A1EE-BEBCAEB33665}.Debug|x64.Deploy.0 = Debug|x64
		{4A4E6BAD-7567-45CE-A1EE-BEBCAEB33665}.Release|Win32.ActiveCfg = Release|Win32
		{4A4E6BAD-7567-45CE-A1EE-BEBCAEB33665}.Release|Win32.Build.0 = Release|Win32
		{4A4E6BAD-7567-45CE-A1EE-BEBCAEB33665}.Release|Win32.Deploy.0 = Release|Win32
		{4A4E6BAD-7567-45CE-A1EE-BEBCAEB33665}.Release|x64.ActiveCfg = Release|x64
		{4A4E6BAD-7567-45CE-A1EE-BEBCAEB33665}.Release|x64.Build.0 = Release|x64
		{4A4E6BAD-7567-45CE-A1EE-BEBCAEB33665}.Release|x64.Deploy.0 = Release|x64
		{E40EAB17-EDF8-48D7-AA3F-7B0F81B97771}.Debug|Win32.ActiveCfg = Debug|Win32
		{E40EAB17-EDF8-48D7-AA3F-7B0F81B97771}.Debug|Win32.Build.0 = Debug|Win32
		{E40EAB17-EDF8-48D7-AA3F-7B0F81B97771}.Debug|Win32.Deploy.0 = Debug|Win32
		{E40EAB17-EDF8-48D7-AA3F-7B0F81B97771}.Debug|x64.ActiveCfg = Debug|x64
		{E40EAB17-EDF8-48D7-AA3F-7B0F81B97771}.Debug|x64.Build.0 = Debug|x64
		{E40EAB17-EDF8-48D7-AA3F-7B0F81B97771}.Debug|x64.Deploy.0 = Debug|x64
		{E40EAB17-EDF8-48D7-AA3F-7B0F81B97771}.Release|Win32.ActiveCfg = Release|Win32
		{E40EAB17-EDF8-48D7-AA3F-7B0F81B97771}.Release|Win32.Build.0 = Release|Win32
		{E40EAB17-EDF8-48D7-AA3F-7B0F81B97771}.Release|Win32.Deploy.0 = Release|Win32
		{E40EAB17-EDF8-48D7-AA3F-7B0F81B97771}.Release|x64.ActiveCfg = Release|x64
		{E40EAB17-EDF8-48D7-AA3F-7B0F81B97771}.Release|x64.Build.0 = Release|x64
		{E40EAB17-EDF8-48D7-AA3F-7B0F81B97771}.Release|x64.Deploy.0 = Release|x64
		{E88A6EA0-C29E-4F87-8281-9A218D674555}.Debug|Win32.ActiveCfg = Debug|Win32
		{E88A6EA0-C29E-4F87-8281-9A218D674555}.Debug|Win32.Build.0 = Debug|Win32
		{E88A6EA0-C29E-4F87-8281-9A218D674555}.Debug|Win32.Deploy.0 = Debug|Win32
		{E88A6EA0-C29E-4F87-8281-9A218D674555}.Debug|x64.ActiveCfg = Debug|x64
		{E88A6EA0-C29E-4F87-8281-9A218D674555}.Debug|x64.Build.0 = Debug|x64
		{E88A6EA0-C29E-4F87-8281-9A218D674555}.Debug|x64.Deploy.0 = Debug|x64
		{E88A6EA0-C29E-4F87-8281-9A218D674555}.Release|Win32.ActiveCfg = Release|Win32
		{E88A6EA0-C29E-4F87-8281-9A218D674555}.Release|Win32.Build.0 = Release|Win32
		{E88A6EA0-C29E-4F87-8281-9A218D674555}.Release|Win32.Deploy.0 = Release|Win32
		{E88A6EA0-C29E-4F87-8281-9A218D674555}.Release|x64.ActiveCfg = Release|x64
		{E88A6EA0-C29E-4F87-8281-9A218D674555}.Release|x64.Build.0 = Release|x64
		{E88A6EA0-C29E-4F87-8281-9A218D674555}.Release|x64.Deploy.0 = Release|x64
		{6C88C43C-62FE-4D4F-8B57-07E270013765}.Debug|Win32.ActiveCfg = Debug|Win32
		{6C88C43C-62FE-4D4F-8B57-07E270013765}.Debug|Win32.Build.0 = Debug|Win32
		{6C88C43C-62FE-4D4F-8B57-07E270013765}.Debug|Win32.Deploy.0 = Debug|Win32
		{6C88C43C-62FE-4D4F-8B57-07E270013765}.Debug|x64.ActiveCfg = Debug|x64
		{6C88C43C-62FE-4D4F-8B57-07E270013765}.Debug|x64.Build.0 = Debug|x64
		{6C88C43C-62FE-4D4F-8B57-07E270013765}.Debug|x64.Deploy.0 = Debug|x64
		{6C88C43C-62FE-4D4F-8B57-07E270013765}.Release|Win32.ActiveCfg = Release|Win32
		{6C88C43C-62FE-4D4F-8B57-07E270013765}.Release|Win32.Build.0 = Release|Win32
		{6C88C43C-62FE-4D4F-8B57-07E270013765}.Release|Win32.Deploy.0 = Release|Win32
		{6C88C43C-62FE-4D4F-8B57-07E270013765}.Release|x64.ActiveCfg = Release|x64
		{6C88C43C-62FE-4D4F-8B57-07E270013765}.Release|x64.Build.0 = Release|x64
		{6C88C43C-62FE-4D4F-8B57-07E270013765}.Release|x64.Deploy.0 = Release|x64
		{C2EFAE8B-4BC6-41EC-AA7F-AC949052C84A}.Debug|Win32.ActiveCfg = Debug|Win32
		{C2EFAE8B-4BC6-41EC-AA7F-AC949052C84A}.Debug|Win32.Build.0 = Debug|Win32
		{C2EFAE8B-4BC6-41EC-AA7F-AC949052C84A}.Debug|Win32.Deploy.0 = Debug|Win32
		{C2EFAE8B-4BC6-41EC-AA7F-AC949052C84A}.Debug|x64.ActiveCfg = Debug|x64
		{C2EFAE8B-4BC6-41EC-AA7F-AC949052C84A}.Debug|x64.Build.0 = Debug|x64
		{C2EFAE8B-4BC6-41EC-AA7F-AC949052C84A}.Debug|x64.Deploy.0 = Debug|x64
		{C2EFAE8B-4BC6-41EC-AA7F-AC949052C84A}.Release|Win32.ActiveCfg = Release|Win32
		{C2EFAE8B-4BC6-41EC-AA7F-AC949052C84A}.Release|Win32.Build.0 = Release|Win32
		{C2EFAE8B-4BC6-41EC-AA7F-AC949052C84A}.Release|Win32.Deploy.0 = Release|Win32
		{C2EFAE8B-4BC6-41EC-AA7F-AC949052C84A}.Release|x64.ActiveCfg = Release|x64
		{C2EFAE8B-4BC6-41EC-AA7F-AC949052C84A}.Release|x64.Build.0 = Release|x64
		{C2EFAE8B-4BC6-41EC-AA7F-AC949052C84A}.Release|x64.Deploy.0 = Release|x64
		{18F5B0B1-C57C-440E-B253-917AF54F80DD}.Debug|Win32.ActiveCfg = Debug|Win32
		{18F5B0B1-C57C-440E-B253-917AF54F80DD}.Debug|Win32.Build.0 = Debug|Win32
		{18F5B0B1-C57C-440E-B253-917AF54F80DD}.Debug|Win32.Deploy.0 = Debug|Win32
		{18F5B0B1-C57C-440E-B253-917AF54F80DD}.Debug|x64.ActiveCfg = Debug|x64
		{18F5B0B1-C57C-440E-B253-917AF54F80DD}.Debug|x64.Build.0 = Debug|x64
		{18F5B0B1-C57C-440E-B253-917AF54F80DD}.Debug|x64.Deploy.0 = Debug|x64
		{18F5B0B1-C57C-440E-B253-917AF54F80DD}.Release|Win32.ActiveCfg = Release|Win32
		{18F5B0B1-C57C-440E-B253-917AF54F80DD}.Release|Win32.Build.0 = Release|Win32
		{18F5B0B1-C57C-440E-B253-917AF54F80DD}.Release|Win32.Deploy.0 = Release|Win32
		{18F5B0B1-C57C-440E-B253-917AF54F80DD}.Release|x64.ActiveCfg = Release|x64
		{18F5B0B1-C57C-440E-B253-917AF54F80DD}.Release|x64.Build.0 = Release|x64
		{18F5B0B1-C57C-440E-B253-917AF54F80DD}.Release|x64.Deploy.0 = Release|x64
		{3DE916AD-32D4-4461-AC61-21CA478E6FB0}.Debug|Win32.ActiveCfg = Debug|Win32
		{3DE916AD-32D4-4461-AC61-21CA478E6FB0}.Debug|Win32.Build.0 = Debug|Win32
		{3DE916AD-32D4-4461-AC61-21CA478E6FB0}.Debug|Win32.Deploy.0 = Debug|Win32
		{3DE916AD-32D4-4461-AC61-21CA478E6FB0}.Debug|x64.ActiveCfg = Debug|x64
		{3DE916AD-32D4-4461-AC61-21CA478E6FB0}.Debug|x64.Build.0 = Debug|x64
		{3DE916AD-32D4-4461-AC61-21CA478E6FB0}.Debug|x64.Deploy.0 = Debug|x64
		{3DE916AD-32D4-4461-AC61-21CA478E6FB0}.Release|Win32.ActiveCfg = Release|Win32
		{3DE916AD-32D4-4461-AC61-21CA478E6FB0}.Release|Win32.Build.0 = Release|Win32
		{3DE916AD-32D4-4461-AC61-21CA478E6FB0}.Release|Win32.Deploy.0 = Release|Win32
		{3DE916AD-32D4-4461-AC61-21CA478E6FB0}.Release|x64.ActiveCfg = Release|x64
		{3DE916AD-32D4-4461-AC61-21CA478E6FB0}.Release|x64.Build.0 = Release|x64
		{3DE916AD-32D4-4461-AC61-21CA478E6FB0}.Release|x64.Deploy.0 = Release|x64
		{784091D4-410A-46D8-AB8C-1D86B2990D9E}.Debug|Win32.ActiveCfg = Debug|Win32
		{784091D4-410A-46D8-AB8C-1D86B2990D9E}.Debug|Win32.Build.0 = Debug|Win32
		{784091D4-410A-46D8-AB8C-1D86B2990D9E}.Debug|Win32.Deploy.0 = Debug|Win32
		{784091D4-410A-46D8-AB8C-1D86B2990D9E}.Debug|x64.ActiveCfg = Debug|x64
		{784091D4-410A-46D8-AB8C-1D86B2990D9E}.Debug|x64.Build.0 = Debug|x64
		{784091D4-410A-46D8-AB8C-1D86B2990D9E}.Debug|x64.Deploy.0 = Debug|x64
		{784091D4-410A-46D8-AB8C-1D86B2990D9E}.Release|Win32.ActiveCfg = Release|Win32
		{784091D4-410A-46D8-AB8C-1D86B2990D9E}.Release|Win32.Build.0 = Release|Win32
		{784091D4-410A-46D8-AB8C-1D86B2990D9E}.Release|Win32.Deploy.0 = Release|Win32
		{784091D4-410A-46D8-AB8C-1D86B2990D9E}.Release|x64.ActiveCfg = Release|x64
		{784091D4-410A-46D8-AB8C-1D86B2990D9E}.Release|x64.Build.0 = Release|x64
		{784091D4-410A-46D8-AB8C-1D86B2990D9E}.Release|x64.Deploy.0 = Release|x64
		{F393EFDA-D6AE-4FEB-B45A-983718A7779F}.Debug|Win32.ActiveCfg = Debug|Win32
		{F393EFDA-D6AE-4FEB-B45A-983718A7779F}.Debug|Win32.Build.0 = Debug|Win32
		{F393EFDA-D6AE-4FEB-B45A-983718A7779F}.Debug|Win32.Deploy.0 = Debug|Win32
		{F393EFDA-D6AE-4FEB-B45A-983718A7779F}.Debug|x64.ActiveCfg = Debug|x64
		{F393EFDA-D6AE-4FEB-B45A-983718A7779F}.Debug|x64.Build.0 = Debug|x64
		{F393EFDA-D6AE-4FEB-B45A-983718A7779F}.Debug|x64.Deploy.0 = Debug|x64
		{F393EFDA-D6AE-4FEB-B45A-983718A7779F}.Release|Win32.ActiveCfg = Release|Win32
		{F393EFDA-D6AE-4FEB-B45A-983718A7779F}.Release|Win32.Build.0 = Release|Win32
		{F393EFDA-D6AE-4FEB-B45A-983718A7779F}.Release|Win32.Deploy.0 = Release|Win32
		{F393EFDA-D6AE-4FEB-B45A-983718A7779F}.Release|x64.ActiveCfg = Release|x64
		{F393EFDA-D6AE-4FEB-B45A-983718A7779F}.Release|x64.Build.0 = Release|x64
		{F393EFDA-D6AE-4FEB-B45A-983718A7779F}.Release|x64.Deploy.0 = Release|x64
		{E75960D2-8BBE-406E-8A8F-0DF8C4C7B6FB}.Debug|Win32.ActiveCfg = Debug|Win32
		{E75960D2-8BBE-406E-8A8F-0DF8C4C7B6FB}.Debug|Win32.Build.0 = Debug|Win32
		{E75960D2-8BBE-406E-8A8F-0DF8C4C7B6FB}.Debug|Win32.Deploy.0 = Debug|Win32
		{E75960D2-8BBE-406E-8A8F-0DF8C4C7B6FB}.Debug|x64.ActiveCfg = Debug|x64
		{E75960D2-8BBE-406E-8A8F-0DF8C4C7B6FB}.Debug|x64.Build.0 = Debug|x64
		{E75960D2-8BBE-406E-8A8F-0DF8C4C7B6FB}.Debug|x64.Deploy.0 = Debug|x64
		{E75960D2-8BBE-406E-8A8F-0DF8C4C7B6FB}.Release|Win32.ActiveCfg = Release|Win32
		{E75960D2-8BBE-406E-8A8F-0DF8C4C7B6FB}.Release|Win32.Build.0 = Release|Win32
		{E75960D2-8BBE-406E-8A8F-0DF8C4C7B6FB}.Release|Win32.Deploy.0 = Release|Win32
		{E75960D2-8BBE-406E-8A8F-0DF8C4C7B6FB}.Release|x64.ActiveCfg = Release|x64
		{E75960D2-8BBE-406E-8A8F-0DF8C4C7B6FB}.Release|x64.Build.0 = Release|x64
		{E75960D2-8BBE-406E-8A8F-0DF8C4C7B6FB}.Release|x64.Deploy.0 = Release|x64
		{7A21618E-1EA0-4E34-A4A0-BC16E007776C}.Debug|Win32.ActiveCfg = Debug|Win32
		{7A21618E-1EA0-4E34-A4A0-BC16E007776C}.Debug|Win32.Build.0 = Debug|Win32
		{7A21618E-1EA0-4E34-A4A0-BC16E007776C}.Debug|Win32.Deploy.0 = Debug|Win32
		{7A21618E-1EA0-4E34-A4A0-BC16E007776C}.Debug|x64.ActiveCfg = Debug|x64
		{7A21618E-1EA0-4E34-A4A0-BC16E007776C}.Debug|x64.Build.0 = Debug|x64
		{7A21618E-1EA0-4E34-A4A0-BC16E007776C}.Debug|x64.Deploy.0 = Debug|x64
		{7A21618E-1EA0-4E34-A4A0-BC16E007776C}.Release|Win32.ActiveCfg = Release|Win32
		{7A21618E-1EA0-4E34-A4A0-BC16E007776C}.Release|Win32.Build.0 = Release|Win32
		{7A21618E-1EA0-4E34-A4A0-BC16E007776C}.Release|Win32.Deploy.0 = Release|Win32
		{7A21618E-1EA0-4E34-A4A0-BC16E007776C}.Release|x64.ActiveCfg = Release|x64
		{7A21618E-1EA0-4E34-A4A0-BC16E007776C}.Release|x64.Build.0 = Release|x64
		{7A21618E-1EA0-4E34-A4A0-BC16E007776C}.Release|x64.Deploy.0 = Release|x64
		{11B67D8F-1622-42C2-9BB8-D37224103E75}.Debug|Win32.ActiveCfg = Debug|Win32
		{11B67D8F-1622-42C2-9BB8-D37224103E75}.Debug|Win32.Build.0 = Debug|Win32
		{11B67D8F-1622-42C2-9BB8-D37224103E75}.Debug|Win32.Deploy.0 = Debug|Win32
		{11B67D8F-1622-42C2-9BB8-D37224103E75}.Debug|x64.ActiveCfg = Debug|x64
		{11B67D8F-1622-42C2-9BB8-D37224103E75}.Debug|x64.Build.0 = Debug|x64
		{11B67D8F-1622-42C2-9BB8-D37224103E75}.Debug|x64.Deploy.0 = Debug|x64
		{11B67D8F-1622-42C2-9BB8-D37224103E75}.Release|Win32.ActiveCfg = Release|Win32
		{11B67D8F-1622-42C2-9BB8-D37224103E75}.Release|Win32.Build.0 = Release|Win32
		{11B67D8F-1622-42C2-9BB8-D37224103E75}.Release|Win32.Deploy.0 = Release|Win32
		{11B67D8F-1622-42C2-9BB8-D37224103E75}.Release|x64.ActiveCfg = Release|x64
		{11B67D8F-1622-42C2-9BB8-D37224103E75}.Release|x64.Build.0 = Release|x64
		{11B67D8F-1622-42C2-9BB8-D37224103E75}.Release|x64.Deploy.0 = Release|x64
		{AFD563EB-EC43-4BA3-87EE-D5B277AA6009}.Debug|Win32.ActiveCfg = Debug|Win32
		{AFD563EB-EC43-4BA3-87EE-D5B277AA6009}.Debug|Win32.Build.0 = Debug|Win32
		{AFD563EB-EC43-4BA3-87EE-D5B277AA6009}.Debug|Win32.Deploy.0 = Debug|Win32
		{AFD563EB-EC43-4BA3-87EE-D5B277AA6009}.Debug|x64.ActiveCfg = Debug|x64
		{AFD563EB-EC43-4BA3-87EE-D5B277AA6009}.Debug|x64.Build.0 = Debug|x64
		{AFD563EB-EC43-4BA3-87EE-D5B277AA6009}.Debug|x64.Deploy.0 = Debug|x64
		{AFD563EB-EC43-4BA3-87EE-D5B277AA6009}.Release|Win32.ActiveCfg = Release|Win32
		{AFD563EB-EC43-4BA3-87EE-D5B277AA6009}.Release|Win32.Build.0 = Release|Win32
		{AFD563EB-EC43-4BA3-87EE-D5B277AA6009}.Release|Win32.Deploy.0 = Release|Win32
		{AFD563EB-EC43-4BA3-87EE-D5B277AA6009}.Release|x64.ActiveCfg = Release|x64
		{AFD563EB-EC43-4BA3-87EE-D5B277AA6009}.Release|x64.Build.0 = Release|x64
		{AFD563EB-EC43-4BA3-87EE-D5B277AA6009}.Release|x64.Deploy.0 = Release|x64
		{754A504D-1451-4F92-BF9E-CB0B61DE47CD}.Debug|Win32.ActiveCfg = Debug|Win32
		{754A504D-1451-4F92-BF9E-CB0B61DE47CD}.Debug|Win32.Build.0 = Debug|Win32
		{754A504D-1451-4F92-BF9E-CB0B61DE47CD}.Debug|Win32.Deploy.0 = Debug|Win32
		{754A504D-1451-4F92-BF9E-CB0B61DE47CD}.Debug|x64.ActiveCfg = Debug|x64
		{754A504D-1451-4F92-BF9E-CB0B61DE47CD}.Debug|x64.Build.0 = Debug|x64
		{754A504D-1451-4F92-BF9E-CB0B61DE47CD}.Debug|x64.Deploy.0 = Debug|x64
		{754A504D-1451-4F92-BF9E-CB0B61DE47CD}.Release|Win32.ActiveCfg = Release|Win32
		{754A504D-1451-4F92-BF9E-CB0B61DE47CD}.Release|Win32.Build.0 = Release|Win32
		{754A504D-1451-4F92-BF9E-CB0B61DE47CD}.Release|Win32.Deploy.0 = Release|Win32
		{754A504D-1451-4F92-BF9E-CB0B61DE47CD}.Release|x64.ActiveCfg = Release|x64
		{754A504D-1451-4F92-BF9E-CB0B61DE47CD}.Release|x64.Build.0 = Release|x64
		{754A504D-1451-4F92-BF9E-CB0B61DE47CD}.Release|x64.Deploy.0 = Release|x64
		{462BA258-C520-4E34-8F74-C4A93285DD0B}.Debug|Win32.ActiveCfg = Debug|Win32
		{462BA258-C520-4E34-8F74-C4A93285DD0B}.Debug|Win32.Build.0 = Debug|Win32
		{462BA258-C520-4E34-8F74-C4A93285DD0B}.Debug|Win32.Deploy.0 = Debug|Win32
		{462BA258-C520-4E34-8F74-C4A93285DD0B}.Debug|x64.ActiveCfg = Debug|x64
		{462BA258-C520-4E34-8F74-C4A93285DD0B}.Debug|x64.Build.0 = Debug|x64
		{462BA258-C520-4E34-8F74-C4A93285DD0B}.Debug|x64.Deploy.0 = Debug|x64
		{462BA258-C520-4E34-8F74-C4A93285DD0B}.Release|Win32.ActiveCfg = Release|Win32
		{462BA258-C520-4E34-8F74-C4A93285DD0B}.Release|Win32.Build.0 = Release|Win32
		{462BA258-C520-4E34-8F74-C4A93285DD0B}.Release|Win32.Deploy.0 = Release|Win32
		{462BA258-C520-4E34-8F74-C4A93285DD0B}.Release|x64.ActiveCfg = Release|x64
		{462BA258-C520-4E34-8F74-C4A93285DD0B}.Release|x64.Build.0 = Release|x64
		{462BA258-C520-4E34-8F74-C4A93285DD0B}.Release|x64.Deploy.0 = Release|x64
		{377E5ED6-BE39-44BE-B357-BE453904C7AA}.Debug|Win32.ActiveCfg = Debug|Win32
		{377E5ED6-BE39-44BE-B357-BE453904C7AA}.Debug|Win32.Build.0 = Debug|Win32
		{377E5ED6-BE39-44BE-B357-BE453904C7AA}.Debug|Win32.Deploy.0 = Debug|Win32
		{377E5ED6-BE39-44BE-B357-BE453904C7AA}.Debug|x64.ActiveCfg = Debug|x64
		{377E5ED6-BE39-44BE-B357-BE453904C7AA}.Debug|x64.Build.0 = Debug|x64
		{377E5ED6-BE39-44BE-B357-BE453904C7AA}.Debug|x64.Deploy.0 = Debug|x64
		{377E5ED6-BE39-44BE-B357-BE453904C7AA}.Release|Win32.ActiveCfg = Release|Win32
		{377E5ED6-BE39-44BE-B357-BE453904C7AA}.Release|Win32.Build.0 = Release|Win32
		{377E5ED6-BE39-44BE-B357-BE453904C7AA}.Release|Win32.Deploy.0 = Release|Win32
		{377E5ED6-BE39-44BE-B357-BE453904C7AA}.Release|x64.ActiveCfg = Release|x64
		{377E5ED6-BE39-44BE-B357-BE453904C7AA}.Release|x64.Build.0 = Release|x64
		{377E5ED6-BE39-44BE-B357-BE453904C7AA}.Release|x64.Deploy.0 = Release|x64
		{0D87BBDD-2151-4B88-A85B-7B239502639E}.Debug|Win32.ActiveCfg = Debug|Win32
		{0D87BBDD-2151-4B88-A85B-7B239502639E}.Debug|Win32.Build.0 = Debug|Win32
		{0D87BBDD-2151-4B88-A85B-7B239502639E}.Debug|Win32.Deploy.0 = Debug|Win32
		{0D87BBDD-2151-4B88-A85B-7B239502639E}.Debug|x64.ActiveCfg = Debug|x64
		{0D87BBDD-2151-4B88-A85B-7B239502639E}.Debug|x64.Build.0 = Debug|x64
		{0D87BBDD-2151-4B88-A85B-7B239502639E}.Debug|x64.Deploy.0 = Debug|x64
		{0D87BBDD-2151-4B88-A85B-7B239502639E}.Release|Win32.ActiveCfg = Release|Win32
		{0D87BBDD-2151-4B88-A85B-7B239502639E}.Release|Win32.Build.0 = Release|Win32
		{0D87BBDD-2151-4B88-A85B-7B239502639E}.Release|Win32.Deploy.0 = Release|Win32
		{0D87BBDD-2151-4B88-A85B-7B239502639E}.Release|x64.ActiveCfg = Release|x64
		{0D87BBDD-2151-4B88-A85B-7B239502639E}.Release|x64.Build.0 = Release|x64
		{0D87BBDD-2151-4B88-A85B-7B239502639E}.Release|x64.Deploy.0 = Release|x64
		{BF70DC5A-370B-4F31-BDEB-2C44DD1580E9}.Debug|Win32.ActiveCfg = Debug|Win32
		{BF70DC5A-370B-4F31-BDEB-2C44DD1580E9}.Debug|Win32.Build.0 = Debug|Win32
		{BF70DC5A-370B-4F31-BDEB-2C44DD1580E9}.Debug|Win32.Deploy.0 = Debug|Win32
		{BF70DC5A-370B-4F31-BDEB-2C44DD1580E9}.Debug|x64.ActiveCfg = Debug|x64
		{BF70DC5A-370B-4F31-BDEB-2C44DD1580E9}.Debug|x64.Build.0 = Debug|x64
		{BF70DC5A-370B-4F31-BDEB-2C44DD1580E9}.Debug|x64.Deploy.0 = Debug|x64
		{BF70DC5A-370B-4F31-BDEB-2C44DD1580E9}.Release|Win32.ActiveCfg = Release|Win32
		{BF70DC5A-370B-4F31-BDEB-2C44DD1580E9}.Release|Win32.Build.0 = Release|Win32
		{BF70DC5A-370B-4F31-BDEB-2C44DD1580E9}.Release|Win32.Deploy.0 = Release|Win32
		{BF70DC5A-370B-4F31-BDEB-2C44DD1580E9}.Release|x64.ActiveCfg = Release|x64
		{BF70DC5A-370B-4F31-BDEB-2C44DD1580E9}.Release|x64.Build.0 = Release|x64
		{BF70DC5A-370B-4F31-BDEB-2C44DD1580E9}.Release|x64.Deploy.0 = Release|x64
		{9FB0F284-9DBC-4196-A150-94CC208B09CD}.Debug|Win32.ActiveCfg = Debug|Win32
		{9FB0F284-9DBC-4196-A150-94CC208B09CD}.Debug|Win32.Build.0 = Debug|Win32
		{9FB0F284-9DBC-4196-A150-94CC208B09CD}.Debug|Win32.Deploy.0 = Debug|Win32
		{9FB0F284-9DBC-4196-A150-94CC208B09CD}.Debug|x64.ActiveCfg = Debug|x64
		{9FB0F284-9DBC-4196-A150-94CC208B09CD}.Debug|x64.Build.0 = Debug|x64
		{9FB0F284-9DBC-4196-A150-94CC208B09CD}.Debug|x64.Deploy.0 = Debug|x64
		{9FB0F284-9DBC-4196-A150-94CC208B09CD}.Release|Win32.ActiveCfg = Release|Win32
		{9FB0F284-9DBC-4196-A150-94CC208B09CD}.Release|Win32.Build.0 = Release|Win32
		{9FB0F284-9DBC-4196-A150-94CC208B09CD}.Release|Win32.Deploy.0 = Release|Win32
		{9FB0F284-9DBC-4196-A150-94CC208B09CD}.Release|x64.ActiveCfg = Release|x64
		{9FB0F284-9DBC-4196-A150-94CC208B09CD}.Release|x64.Build.0 = Release|x64
		{9FB0F284-9DBC-4196-A150-94CC208B09CD}.Release|x64.Deploy.0 = Release|x64
	EndGlobalSection
	GlobalSection(SolutionProperties) = preSolution
		HideSolutionNode = FALSE
	EndGlobalSection
EndGlobal
